
Microsoft Visual Studio Solution File, Format Version 12.00
# Visual Studio Version 16
VisualStudioVersion = 16.0.32510.428
MinimumVisualStudioVersion = 10.0.40219.1
Project("{8BC9CEB8-8B4A-11D0-8D11-00A0C91BC942}") = "A program that calculates 4.5 percent of a 1000", "A program that calculates 4.5 percent of a 1000\A program that calculates 4.5 percent of a 1000.vcxproj", "{BA89A9A8-EA6C-4E8E-963C-E461C1B7552E}"
EndProject
Global
	GlobalSection(SolutionConfigurationPlatforms) = preSolution
		Debug|x64 = Debug|x64
		Debug|x86 = Debug|x86
		Release|x64 = Release|x64
		Release|x86 = Release|x86
	EndGlobalSection
	GlobalSection(ProjectConfigurationPlatforms) = postSolution
		{BA89A9A8-EA6C-4E8E-963C-E461C1B7552E}.Debug|x64.ActiveCfg = Debug|x64
		{BA89A9A8-EA6C-4E8E-963C-E461C1B7552E}.Debug|x64.Build.0 = Debug|x64
		{BA89A9A8-EA6C-4E8E-963C-E461C1B7552E}.Debug|x86.ActiveCfg = Debug|Win32
		{BA89A9A8-EA6C-4E8E-963C-E461C1B7552E}.Debug|x86.Build.0 = Debug|Win32
		{BA89A9A8-EA6C-4E8E-963C-E461C1B7552E}.Release|x64.ActiveCfg = Release|x64
		{BA89A9A8-EA6C-4E8E-963C-E461C1B7552E}.Release|x64.Build.0 = Release|x64
		{BA89A9A8-EA6C-4E8E-963C-E461C1B7552E}.Release|x86.ActiveCfg = Release|Win32
		{BA89A9A8-EA6C-4E8E-963C-E461C1B7552E}.Release|x86.Build.0 = Release|Win32
	EndGlobalSection
	GlobalSection(SolutionProperties) = preSolution
		HideSolutionNode = FALSE
	EndGlobalSection
	GlobalSection(ExtensibilityGlobals) = postSolution
		SolutionGuid = {63FAED1D-8166-4A54-9CFB-354E201C1E7D}
	EndGlobalSection
EndGlobal
